// !$*UTF8*$!
{
	archiveVersion = 1;
	classes = {
	};
	objectVersion = 56;
	objects = {

/* Begin PBXBuildFile section */
		B73F5545292C2AA200CD50E5 /* Webservice.swift in Sources */ = {isa = PBXBuildFile; fileRef = B73F5544292C2AA200CD50E5 /* Webservice.swift */; };
		B73F5548292C2AF000CD50E5 /* UserModel.swift in Sources */ = {isa = PBXBuildFile; fileRef = B73F5547292C2AF000CD50E5 /* UserModel.swift */; };
		B73F554A292C2BE400CD50E5 /* ChatsViewModel.swift in Sources */ = {isa = PBXBuildFile; fileRef = B73F5549292C2BE400CD50E5 /* ChatsViewModel.swift */; };
		B73F554D292C2D2E00CD50E5 /* UIViewController+Extensions.swift in Sources */ = {isa = PBXBuildFile; fileRef = B73F554C292C2D2E00CD50E5 /* UIViewController+Extensions.swift */; };
		B7BBD427292D140700E78DB9 /* ChatDetailsViewController.swift in Sources */ = {isa = PBXBuildFile; fileRef = B7BBD426292D140700E78DB9 /* ChatDetailsViewController.swift */; };
		B7BBD429292D141C00E78DB9 /* ChatDetailsViewModel.swift in Sources */ = {isa = PBXBuildFile; fileRef = B7BBD428292D141C00E78DB9 /* ChatDetailsViewModel.swift */; };
		B7E9D2E6292BD5D2003036EE /* AppDelegate.swift in Sources */ = {isa = PBXBuildFile; fileRef = B7E9D2E5292BD5D2003036EE /* AppDelegate.swift */; };
		B7E9D2E8292BD5D2003036EE /* SceneDelegate.swift in Sources */ = {isa = PBXBuildFile; fileRef = B7E9D2E7292BD5D2003036EE /* SceneDelegate.swift */; };
		B7E9D2EA292BD5D2003036EE /* ChatsViewController.swift in Sources */ = {isa = PBXBuildFile; fileRef = B7E9D2E9292BD5D2003036EE /* ChatsViewController.swift */; };
		B7E9D2ED292BD5D2003036EE /* Main.storyboard in Resources */ = {isa = PBXBuildFile; fileRef = B7E9D2EB292BD5D2003036EE /* Main.storyboard */; };
		B7E9D2EF292BD5D3003036EE /* Assets.xcassets in Resources */ = {isa = PBXBuildFile; fileRef = B7E9D2EE292BD5D3003036EE /* Assets.xcassets */; };
		B7E9D2F2292BD5D3003036EE /* LaunchScreen.storyboard in Resources */ = {isa = PBXBuildFile; fileRef = B7E9D2F0292BD5D3003036EE /* LaunchScreen.storyboard */; };
		B7E9D2FB292BD60F003036EE /* FirebaseAnalytics in Frameworks */ = {isa = PBXBuildFile; productRef = B7E9D2FA292BD60F003036EE /* FirebaseAnalytics */; };
		B7E9D2FD292BD60F003036EE /* FirebaseAnalyticsOnDeviceConversion in Frameworks */ = {isa = PBXBuildFile; productRef = B7E9D2FC292BD60F003036EE /* FirebaseAnalyticsOnDeviceConversion */; };
		B7E9D2FF292BD60F003036EE /* FirebaseAnalyticsSwift in Frameworks */ = {isa = PBXBuildFile; productRef = B7E9D2FE292BD60F003036EE /* FirebaseAnalyticsSwift */; };
		B7E9D301292BD60F003036EE /* FirebaseAnalyticsWithoutAdIdSupport in Frameworks */ = {isa = PBXBuildFile; productRef = B7E9D300292BD60F003036EE /* FirebaseAnalyticsWithoutAdIdSupport */; };
		B7E9D303292BD60F003036EE /* FirebaseAppCheck in Frameworks */ = {isa = PBXBuildFile; productRef = B7E9D302292BD60F003036EE /* FirebaseAppCheck */; };
		B7E9D305292BD60F003036EE /* FirebaseAppDistribution-Beta in Frameworks */ = {isa = PBXBuildFile; productRef = B7E9D304292BD60F003036EE /* FirebaseAppDistribution-Beta */; };
		B7E9D307292BD60F003036EE /* FirebaseAuth in Frameworks */ = {isa = PBXBuildFile; productRef = B7E9D306292BD60F003036EE /* FirebaseAuth */; };
		B7E9D309292BD60F003036EE /* FirebaseAuthCombine-Community in Frameworks */ = {isa = PBXBuildFile; productRef = B7E9D308292BD60F003036EE /* FirebaseAuthCombine-Community */; };
		B7E9D30B292BD60F003036EE /* FirebaseCrashlytics in Frameworks */ = {isa = PBXBuildFile; productRef = B7E9D30A292BD60F003036EE /* FirebaseCrashlytics */; };
		B7E9D30D292BD60F003036EE /* FirebaseDatabase in Frameworks */ = {isa = PBXBuildFile; productRef = B7E9D30C292BD60F003036EE /* FirebaseDatabase */; };
		B7E9D30F292BD60F003036EE /* FirebaseDatabaseSwift in Frameworks */ = {isa = PBXBuildFile; productRef = B7E9D30E292BD60F003036EE /* FirebaseDatabaseSwift */; };
		B7E9D311292BD60F003036EE /* FirebaseDynamicLinks in Frameworks */ = {isa = PBXBuildFile; productRef = B7E9D310292BD60F003036EE /* FirebaseDynamicLinks */; };
		B7E9D313292BD60F003036EE /* FirebaseFirestore in Frameworks */ = {isa = PBXBuildFile; productRef = B7E9D312292BD60F003036EE /* FirebaseFirestore */; };
		B7E9D315292BD60F003036EE /* FirebaseFirestoreCombine-Community in Frameworks */ = {isa = PBXBuildFile; productRef = B7E9D314292BD60F003036EE /* FirebaseFirestoreCombine-Community */; };
		B7E9D317292BD60F003036EE /* FirebaseFirestoreSwift in Frameworks */ = {isa = PBXBuildFile; productRef = B7E9D316292BD60F003036EE /* FirebaseFirestoreSwift */; };
		B7E9D319292BD60F003036EE /* FirebaseFunctions in Frameworks */ = {isa = PBXBuildFile; productRef = B7E9D318292BD60F003036EE /* FirebaseFunctions */; };
		B7E9D31B292BD60F003036EE /* FirebaseFunctionsCombine-Community in Frameworks */ = {isa = PBXBuildFile; productRef = B7E9D31A292BD60F003036EE /* FirebaseFunctionsCombine-Community */; };
		B7E9D31D292BD60F003036EE /* FirebaseInAppMessaging-Beta in Frameworks */ = {isa = PBXBuildFile; productRef = B7E9D31C292BD60F003036EE /* FirebaseInAppMessaging-Beta */; };
		B7E9D31F292BD60F003036EE /* FirebaseInAppMessagingSwift-Beta in Frameworks */ = {isa = PBXBuildFile; productRef = B7E9D31E292BD60F003036EE /* FirebaseInAppMessagingSwift-Beta */; };
		B7E9D321292BD60F003036EE /* FirebaseInstallations in Frameworks */ = {isa = PBXBuildFile; productRef = B7E9D320292BD60F003036EE /* FirebaseInstallations */; };
		B7E9D323292BD60F003036EE /* FirebaseMLModelDownloader in Frameworks */ = {isa = PBXBuildFile; productRef = B7E9D322292BD60F003036EE /* FirebaseMLModelDownloader */; };
		B7E9D325292BD60F003036EE /* FirebaseMessaging in Frameworks */ = {isa = PBXBuildFile; productRef = B7E9D324292BD60F003036EE /* FirebaseMessaging */; };
		B7E9D327292BD60F003036EE /* FirebasePerformance in Frameworks */ = {isa = PBXBuildFile; productRef = B7E9D326292BD60F003036EE /* FirebasePerformance */; };
		B7E9D329292BD60F003036EE /* FirebaseRemoteConfig in Frameworks */ = {isa = PBXBuildFile; productRef = B7E9D328292BD60F003036EE /* FirebaseRemoteConfig */; };
		B7E9D32B292BD60F003036EE /* FirebaseRemoteConfigSwift in Frameworks */ = {isa = PBXBuildFile; productRef = B7E9D32A292BD60F003036EE /* FirebaseRemoteConfigSwift */; };
		B7E9D32D292BD60F003036EE /* FirebaseStorage in Frameworks */ = {isa = PBXBuildFile; productRef = B7E9D32C292BD60F003036EE /* FirebaseStorage */; };
		B7E9D32F292BD60F003036EE /* FirebaseStorageCombine-Community in Frameworks */ = {isa = PBXBuildFile; productRef = B7E9D32E292BD60F003036EE /* FirebaseStorageCombine-Community */; };
		B7E9D332292BD6AF003036EE /* SDWebImage in Frameworks */ = {isa = PBXBuildFile; productRef = B7E9D331292BD6AF003036EE /* SDWebImage */; };
		B7E9D334292BD6AF003036EE /* SDWebImageMapKit in Frameworks */ = {isa = PBXBuildFile; productRef = B7E9D333292BD6AF003036EE /* SDWebImageMapKit */; };
		B7E9D337292BD936003036EE /* MessageKit in Frameworks */ = {isa = PBXBuildFile; productRef = B7E9D336292BD936003036EE /* MessageKit */; };
		B7E9D33A292BD962003036EE /* GoogleSignIn in Frameworks */ = {isa = PBXBuildFile; productRef = B7E9D339292BD962003036EE /* GoogleSignIn */; };
		B7E9D33C292BD962003036EE /* GoogleSignInSwift in Frameworks */ = {isa = PBXBuildFile; productRef = B7E9D33B292BD962003036EE /* GoogleSignInSwift */; };
		B7E9D344292BDB27003036EE /* GoogleService-Info.plist in Resources */ = {isa = PBXBuildFile; fileRef = B7E9D343292BDB27003036EE /* GoogleService-Info.plist */; };
		B7E9D34A292C1D77003036EE /* ChatsTableViewCell.swift in Sources */ = {isa = PBXBuildFile; fileRef = B7E9D349292C1D77003036EE /* ChatsTableViewCell.swift */; };
		B7FFC093292D2A79001DA1F4 /* SecondUserTableViewCell.swift in Sources */ = {isa = PBXBuildFile; fileRef = B7FFC092292D2A79001DA1F4 /* SecondUserTableViewCell.swift */; };
		B7FFC097292D30F1001DA1F4 /* MainUserTableViewCell.swift in Sources */ = {isa = PBXBuildFile; fileRef = B7FFC096292D30F1001DA1F4 /* MainUserTableViewCell.swift */; };
		B7FFC099292D31C0001DA1F4 /* MessagesModel.swift in Sources */ = {isa = PBXBuildFile; fileRef = B7FFC098292D31C0001DA1F4 /* MessagesModel.swift */; };
/* End PBXBuildFile section */

/* Begin PBXFileReference section */
		B73F5544292C2AA200CD50E5 /* Webservice.swift */ = {isa = PBXFileReference; lastKnownFileType = sourcecode.swift; path = Webservice.swift; sourceTree = "<group>"; };
		B73F5547292C2AF000CD50E5 /* UserModel.swift */ = {isa = PBXFileReference; lastKnownFileType = sourcecode.swift; path = UserModel.swift; sourceTree = "<group>"; };
		B73F5549292C2BE400CD50E5 /* ChatsViewModel.swift */ = {isa = PBXFileReference; lastKnownFileType = sourcecode.swift; path = ChatsViewModel.swift; sourceTree = "<group>"; };
		B73F554C292C2D2E00CD50E5 /* UIViewController+Extensions.swift */ = {isa = PBXFileReference; lastKnownFileType = sourcecode.swift; path = "UIViewController+Extensions.swift"; sourceTree = "<group>"; };
		B7BBD426292D140700E78DB9 /* ChatDetailsViewController.swift */ = {isa = PBXFileReference; lastKnownFileType = sourcecode.swift; path = ChatDetailsViewController.swift; sourceTree = "<group>"; };
		B7BBD428292D141C00E78DB9 /* ChatDetailsViewModel.swift */ = {isa = PBXFileReference; lastKnownFileType = sourcecode.swift; path = ChatDetailsViewModel.swift; sourceTree = "<group>"; };
		B7E9D2E2292BD5D2003036EE /* ChatApp.app */ = {isa = PBXFileReference; explicitFileType = wrapper.application; includeInIndex = 0; path = ChatApp.app; sourceTree = BUILT_PRODUCTS_DIR; };
		B7E9D2E5292BD5D2003036EE /* AppDelegate.swift */ = {isa = PBXFileReference; lastKnownFileType = sourcecode.swift; path = AppDelegate.swift; sourceTree = "<group>"; };
		B7E9D2E7292BD5D2003036EE /* SceneDelegate.swift */ = {isa = PBXFileReference; lastKnownFileType = sourcecode.swift; path = SceneDelegate.swift; sourceTree = "<group>"; };
		B7E9D2E9292BD5D2003036EE /* ChatsViewController.swift */ = {isa = PBXFileReference; lastKnownFileType = sourcecode.swift; path = ChatsViewController.swift; sourceTree = "<group>"; };
		B7E9D2EC292BD5D2003036EE /* Base */ = {isa = PBXFileReference; lastKnownFileType = file.storyboard; name = Base; path = Base.lproj/Main.storyboard; sourceTree = "<group>"; };
		B7E9D2EE292BD5D3003036EE /* Assets.xcassets */ = {isa = PBXFileReference; lastKnownFileType = folder.assetcatalog; path = Assets.xcassets; sourceTree = "<group>"; };
		B7E9D2F1292BD5D3003036EE /* Base */ = {isa = PBXFileReference; lastKnownFileType = file.storyboard; name = Base; path = Base.lproj/LaunchScreen.storyboard; sourceTree = "<group>"; };
		B7E9D2F3292BD5D3003036EE /* Info.plist */ = {isa = PBXFileReference; lastKnownFileType = text.plist.xml; path = Info.plist; sourceTree = "<group>"; };
		B7E9D343292BDB27003036EE /* GoogleService-Info.plist */ = {isa = PBXFileReference; fileEncoding = 4; lastKnownFileType = text.plist.xml; path = "GoogleService-Info.plist"; sourceTree = "<group>"; };
		B7E9D349292C1D77003036EE /* ChatsTableViewCell.swift */ = {isa = PBXFileReference; lastKnownFileType = sourcecode.swift; path = ChatsTableViewCell.swift; sourceTree = "<group>"; };
		B7FFC092292D2A79001DA1F4 /* SecondUserTableViewCell.swift */ = {isa = PBXFileReference; lastKnownFileType = sourcecode.swift; path = SecondUserTableViewCell.swift; sourceTree = "<group>"; };
		B7FFC096292D30F1001DA1F4 /* MainUserTableViewCell.swift */ = {isa = PBXFileReference; lastKnownFileType = sourcecode.swift; path = MainUserTableViewCell.swift; sourceTree = "<group>"; };
		B7FFC098292D31C0001DA1F4 /* MessagesModel.swift */ = {isa = PBXFileReference; lastKnownFileType = sourcecode.swift; path = MessagesModel.swift; sourceTree = "<group>"; };
/* End PBXFileReference section */

/* Begin PBXFrameworksBuildPhase section */
		B7E9D2DF292BD5D2003036EE /* Frameworks */ = {
			isa = PBXFrameworksBuildPhase;
			buildActionMask = 2147483647;
			files = (
				B7E9D334292BD6AF003036EE /* SDWebImageMapKit in Frameworks */,
				B7E9D30D292BD60F003036EE /* FirebaseDatabase in Frameworks */,
				B7E9D31B292BD60F003036EE /* FirebaseFunctionsCombine-Community in Frameworks */,
				B7E9D33C292BD962003036EE /* GoogleSignInSwift in Frameworks */,
				B7E9D313292BD60F003036EE /* FirebaseFirestore in Frameworks */,
				B7E9D2FF292BD60F003036EE /* FirebaseAnalyticsSwift in Frameworks */,
				B7E9D2FB292BD60F003036EE /* FirebaseAnalytics in Frameworks */,
				B7E9D2FD292BD60F003036EE /* FirebaseAnalyticsOnDeviceConversion in Frameworks */,
				B7E9D33A292BD962003036EE /* GoogleSignIn in Frameworks */,
				B7E9D323292BD60F003036EE /* FirebaseMLModelDownloader in Frameworks */,
				B7E9D317292BD60F003036EE /* FirebaseFirestoreSwift in Frameworks */,
				B7E9D337292BD936003036EE /* MessageKit in Frameworks */,
				B7E9D303292BD60F003036EE /* FirebaseAppCheck in Frameworks */,
				B7E9D301292BD60F003036EE /* FirebaseAnalyticsWithoutAdIdSupport in Frameworks */,
				B7E9D332292BD6AF003036EE /* SDWebImage in Frameworks */,
				B7E9D307292BD60F003036EE /* FirebaseAuth in Frameworks */,
				B7E9D30B292BD60F003036EE /* FirebaseCrashlytics in Frameworks */,
				B7E9D32B292BD60F003036EE /* FirebaseRemoteConfigSwift in Frameworks */,
				B7E9D31D292BD60F003036EE /* FirebaseInAppMessaging-Beta in Frameworks */,
				B7E9D30F292BD60F003036EE /* FirebaseDatabaseSwift in Frameworks */,
				B7E9D319292BD60F003036EE /* FirebaseFunctions in Frameworks */,
				B7E9D32F292BD60F003036EE /* FirebaseStorageCombine-Community in Frameworks */,
				B7E9D329292BD60F003036EE /* FirebaseRemoteConfig in Frameworks */,
				B7E9D305292BD60F003036EE /* FirebaseAppDistribution-Beta in Frameworks */,
				B7E9D309292BD60F003036EE /* FirebaseAuthCombine-Community in Frameworks */,
				B7E9D327292BD60F003036EE /* FirebasePerformance in Frameworks */,
				B7E9D31F292BD60F003036EE /* FirebaseInAppMessagingSwift-Beta in Frameworks */,
				B7E9D32D292BD60F003036EE /* FirebaseStorage in Frameworks */,
				B7E9D311292BD60F003036EE /* FirebaseDynamicLinks in Frameworks */,
				B7E9D315292BD60F003036EE /* FirebaseFirestoreCombine-Community in Frameworks */,
				B7E9D325292BD60F003036EE /* FirebaseMessaging in Frameworks */,
				B7E9D321292BD60F003036EE /* FirebaseInstallations in Frameworks */,
			);
			runOnlyForDeploymentPostprocessing = 0;
		};
/* End PBXFrameworksBuildPhase section */

/* Begin PBXGroup section */
		B73F5543292C2A8300CD50E5 /* Webservice */ = {
			isa = PBXGroup;
			children = (
				B73F5544292C2AA200CD50E5 /* Webservice.swift */,
			);
			path = Webservice;
			sourceTree = "<group>";
		};
		B73F5546292C2AE600CD50E5 /* Model */ = {
			isa = PBXGroup;
			children = (
				B73F5547292C2AF000CD50E5 /* UserModel.swift */,
				B7FFC098292D31C0001DA1F4 /* MessagesModel.swift */,
			);
			path = Model;
			sourceTree = "<group>";
		};
		B73F554B292C2D0100CD50E5 /* Extensions */ = {
			isa = PBXGroup;
			children = (
				B73F554C292C2D2E00CD50E5 /* UIViewController+Extensions.swift */,
			);
			path = Extensions;
			sourceTree = "<group>";
		};
		B7BBD423292D135300E78DB9 /* ChatDetails */ = {
			isa = PBXGroup;
			children = (
				B7BBD426292D140700E78DB9 /* ChatDetailsViewController.swift */,
				B7BBD428292D141C00E78DB9 /* ChatDetailsViewModel.swift */,
				B7FFC092292D2A79001DA1F4 /* SecondUserTableViewCell.swift */,
				B7FFC096292D30F1001DA1F4 /* MainUserTableViewCell.swift */,
			);
			path = ChatDetails;
			sourceTree = "<group>";
		};
		B7E9D2D9292BD5D2003036EE = {
			isa = PBXGroup;
			children = (
				B7E9D2E4292BD5D2003036EE /* ChatApp */,
				B7E9D2E3292BD5D2003036EE /* Products */,
			);
			sourceTree = "<group>";
		};
		B7E9D2E3292BD5D2003036EE /* Products */ = {
			isa = PBXGroup;
			children = (
				B7E9D2E2292BD5D2003036EE /* ChatApp.app */,
			);
			name = Products;
			sourceTree = "<group>";
		};
		B7E9D2E4292BD5D2003036EE /* ChatApp */ = {
			isa = PBXGroup;
			children = (
				B73F554B292C2D0100CD50E5 /* Extensions */,
				B73F5546292C2AE600CD50E5 /* Model */,
				B73F5543292C2A8300CD50E5 /* Webservice */,
				B7E9D347292C1CC9003036EE /* App */,
				B7E9D346292C1CBF003036EE /* Assets */,
				B7E9D345292C1CA0003036EE /* UI */,
				B7E9D2F3292BD5D3003036EE /* Info.plist */,
				B7E9D343292BDB27003036EE /* GoogleService-Info.plist */,
			);
			path = ChatApp;
			sourceTree = "<group>";
		};
		B7E9D345292C1CA0003036EE /* UI */ = {
			isa = PBXGroup;
			children = (
				B7E9D348292C1CD5003036EE /* Chats */,
				B7E9D2EB292BD5D2003036EE /* Main.storyboard */,
				B7E9D2F0292BD5D3003036EE /* LaunchScreen.storyboard */,
			);
			path = UI;
			sourceTree = "<group>";
		};
		B7E9D346292C1CBF003036EE /* Assets */ = {
			isa = PBXGroup;
			children = (
				B7E9D2EE292BD5D3003036EE /* Assets.xcassets */,
			);
			path = Assets;
			sourceTree = "<group>";
		};
		B7E9D347292C1CC9003036EE /* App */ = {
			isa = PBXGroup;
			children = (
				B7E9D2E5292BD5D2003036EE /* AppDelegate.swift */,
				B7E9D2E7292BD5D2003036EE /* SceneDelegate.swift */,
			);
			path = App;
			sourceTree = "<group>";
		};
		B7E9D348292C1CD5003036EE /* Chats */ = {
			isa = PBXGroup;
			children = (
				B7E9D2E9292BD5D2003036EE /* ChatsViewController.swift */,
				B7E9D349292C1D77003036EE /* ChatsTableViewCell.swift */,
				B73F5549292C2BE400CD50E5 /* ChatsViewModel.swift */,
				B7BBD423292D135300E78DB9 /* ChatDetails */,
			);
			path = Chats;
			sourceTree = "<group>";
		};
/* End PBXGroup section */

/* Begin PBXNativeTarget section */
		B7E9D2E1292BD5D2003036EE /* ChatApp */ = {
			isa = PBXNativeTarget;
			buildConfigurationList = B7E9D2F6292BD5D3003036EE /* Build configuration list for PBXNativeTarget "ChatApp" */;
			buildPhases = (
				B7E9D2DE292BD5D2003036EE /* Sources */,
				B7E9D2DF292BD5D2003036EE /* Frameworks */,
				B7E9D2E0292BD5D2003036EE /* Resources */,
			);
			buildRules = (
			);
			dependencies = (
			);
			name = ChatApp;
			packageProductDependencies = (
				B7E9D2FA292BD60F003036EE /* FirebaseAnalytics */,
				B7E9D2FC292BD60F003036EE /* FirebaseAnalyticsOnDeviceConversion */,
				B7E9D2FE292BD60F003036EE /* FirebaseAnalyticsSwift */,
				B7E9D300292BD60F003036EE /* FirebaseAnalyticsWithoutAdIdSupport */,
				B7E9D302292BD60F003036EE /* FirebaseAppCheck */,
				B7E9D304292BD60F003036EE /* FirebaseAppDistribution-Beta */,
				B7E9D306292BD60F003036EE /* FirebaseAuth */,
				B7E9D308292BD60F003036EE /* FirebaseAuthCombine-Community */,
				B7E9D30A292BD60F003036EE /* FirebaseCrashlytics */,
				B7E9D30C292BD60F003036EE /* FirebaseDatabase */,
				B7E9D30E292BD60F003036EE /* FirebaseDatabaseSwift */,
				B7E9D310292BD60F003036EE /* FirebaseDynamicLinks */,
				B7E9D312292BD60F003036EE /* FirebaseFirestore */,
				B7E9D314292BD60F003036EE /* FirebaseFirestoreCombine-Community */,
				B7E9D316292BD60F003036EE /* FirebaseFirestoreSwift */,
				B7E9D318292BD60F003036EE /* FirebaseFunctions */,
				B7E9D31A292BD60F003036EE /* FirebaseFunctionsCombine-Community */,
				B7E9D31C292BD60F003036EE /* FirebaseInAppMessaging-Beta */,
				B7E9D31E292BD60F003036EE /* FirebaseInAppMessagingSwift-Beta */,
				B7E9D320292BD60F003036EE /* FirebaseInstallations */,
				B7E9D322292BD60F003036EE /* FirebaseMLModelDownloader */,
				B7E9D324292BD60F003036EE /* FirebaseMessaging */,
				B7E9D326292BD60F003036EE /* FirebasePerformance */,
				B7E9D328292BD60F003036EE /* FirebaseRemoteConfig */,
				B7E9D32A292BD60F003036EE /* FirebaseRemoteConfigSwift */,
				B7E9D32C292BD60F003036EE /* FirebaseStorage */,
				B7E9D32E292BD60F003036EE /* FirebaseStorageCombine-Community */,
				B7E9D331292BD6AF003036EE /* SDWebImage */,
				B7E9D333292BD6AF003036EE /* SDWebImageMapKit */,
				B7E9D336292BD936003036EE /* MessageKit */,
				B7E9D339292BD962003036EE /* GoogleSignIn */,
				B7E9D33B292BD962003036EE /* GoogleSignInSwift */,
			);
			productName = ChatApp;
			productReference = B7E9D2E2292BD5D2003036EE /* ChatApp.app */;
			productType = "com.apple.product-type.application";
		};
/* End PBXNativeTarget section */

/* Begin PBXProject section */
		B7E9D2DA292BD5D2003036EE /* Project object */ = {
			isa = PBXProject;
			attributes = {
				BuildIndependentTargetsInParallel = 1;
				LastSwiftUpdateCheck = 1410;
				LastUpgradeCheck = 1410;
				TargetAttributes = {
					B7E9D2E1292BD5D2003036EE = {
						CreatedOnToolsVersion = 14.1;
					};
				};
			};
			buildConfigurationList = B7E9D2DD292BD5D2003036EE /* Build configuration list for PBXProject "ChatApp" */;
			compatibilityVersion = "Xcode 14.0";
			developmentRegion = en;
			hasScannedForEncodings = 0;
			knownRegions = (
				en,
				Base,
			);
			mainGroup = B7E9D2D9292BD5D2003036EE;
			packageReferences = (
				B7E9D2F9292BD60F003036EE /* XCRemoteSwiftPackageReference "firebase-ios-sdk" */,
				B7E9D330292BD6AE003036EE /* XCRemoteSwiftPackageReference "SDWebImage" */,
				B7E9D335292BD936003036EE /* XCRemoteSwiftPackageReference "MessageKit" */,
				B7E9D338292BD962003036EE /* XCRemoteSwiftPackageReference "GoogleSignIn-iOS" */,
			);
			productRefGroup = B7E9D2E3292BD5D2003036EE /* Products */;
			projectDirPath = "";
			projectRoot = "";
			targets = (
				B7E9D2E1292BD5D2003036EE /* ChatApp */,
			);
		};
/* End PBXProject section */

/* Begin PBXResourcesBuildPhase section */
		B7E9D2E0292BD5D2003036EE /* Resources */ = {
			isa = PBXResourcesBuildPhase;
			buildActionMask = 2147483647;
			files = (
				B7E9D2F2292BD5D3003036EE /* LaunchScreen.storyboard in Resources */,
				B7E9D344292BDB27003036EE /* GoogleService-Info.plist in Resources */,
				B7E9D2EF292BD5D3003036EE /* Assets.xcassets in Resources */,
				B7E9D2ED292BD5D2003036EE /* Main.storyboard in Resources */,
			);
			runOnlyForDeploymentPostprocessing = 0;
		};
/* End PBXResourcesBuildPhase section */

/* Begin PBXSourcesBuildPhase section */
		B7E9D2DE292BD5D2003036EE /* Sources */ = {
			isa = PBXSourcesBuildPhase;
			buildActionMask = 2147483647;
			files = (
				B7E9D2EA292BD5D2003036EE /* ChatsViewController.swift in Sources */,
				B7BBD427292D140700E78DB9 /* ChatDetailsViewController.swift in Sources */,
				B7E9D34A292C1D77003036EE /* ChatsTableViewCell.swift in Sources */,
				B7E9D2E6292BD5D2003036EE /* AppDelegate.swift in Sources */,
				B73F5545292C2AA200CD50E5 /* Webservice.swift in Sources */,
				B7FFC097292D30F1001DA1F4 /* MainUserTableViewCell.swift in Sources */,
				B73F554D292C2D2E00CD50E5 /* UIViewController+Extensions.swift in Sources */,
				B73F5548292C2AF000CD50E5 /* UserModel.swift in Sources */,
				B7BBD429292D141C00E78DB9 /* ChatDetailsViewModel.swift in Sources */,
				B7FFC099292D31C0001DA1F4 /* MessagesModel.swift in Sources */,
				B7E9D2E8292BD5D2003036EE /* SceneDelegate.swift in Sources */,
				B7FFC093292D2A79001DA1F4 /* SecondUserTableViewCell.swift in Sources */,
				B73F554A292C2BE400CD50E5 /* ChatsViewModel.swift in Sources */,
			);
			runOnlyForDeploymentPostprocessing = 0;
		};
/* End PBXSourcesBuildPhase section */

/* Begin PBXVariantGroup section */
		B7E9D2EB292BD5D2003036EE /* Main.storyboard */ = {
			isa = PBXVariantGroup;
			children = (
				B7E9D2EC292BD5D2003036EE /* Base */,
			);
			name = Main.storyboard;
			sourceTree = "<group>";
		};
		B7E9D2F0292BD5D3003036EE /* LaunchScreen.storyboard */ = {
			isa = PBXVariantGroup;
			children = (
				B7E9D2F1292BD5D3003036EE /* Base */,
			);
			name = LaunchScreen.storyboard;
			sourceTree = "<group>";
		};
/* End PBXVariantGroup section */

/* Begin XCBuildConfiguration section */
		B7E9D2F4292BD5D3003036EE /* Debug */ = {
			isa = XCBuildConfiguration;
			buildSettings = {
				ALWAYS_SEARCH_USER_PATHS = NO;
				CLANG_ANALYZER_NONNULL = YES;
				CLANG_ANALYZER_NUMBER_OBJECT_CONVERSION = YES_AGGRESSIVE;
				CLANG_CXX_LANGUAGE_STANDARD = "gnu++20";
				CLANG_ENABLE_MODULES = YES;
				CLANG_ENABLE_OBJC_ARC = YES;
				CLANG_ENABLE_OBJC_WEAK = YES;
				CLANG_WARN_BLOCK_CAPTURE_AUTORELEASING = YES;
				CLANG_WARN_BOOL_CONVERSION = YES;
				CLANG_WARN_COMMA = YES;
				CLANG_WARN_CONSTANT_CONVERSION = YES;
				CLANG_WARN_DEPRECATED_OBJC_IMPLEMENTATIONS = YES;
				CLANG_WARN_DIRECT_OBJC_ISA_USAGE = YES_ERROR;
				CLANG_WARN_DOCUMENTATION_COMMENTS = YES;
				CLANG_WARN_EMPTY_BODY = YES;
				CLANG_WARN_ENUM_CONVERSION = YES;
				CLANG_WARN_INFINITE_RECURSION = YES;
				CLANG_WARN_INT_CONVERSION = YES;
				CLANG_WARN_NON_LITERAL_NULL_CONVERSION = YES;
				CLANG_WARN_OBJC_IMPLICIT_RETAIN_SELF = YES;
				CLANG_WARN_OBJC_LITERAL_CONVERSION = YES;
				CLANG_WARN_OBJC_ROOT_CLASS = YES_ERROR;
				CLANG_WARN_QUOTED_INCLUDE_IN_FRAMEWORK_HEADER = YES;
				CLANG_WARN_RANGE_LOOP_ANALYSIS = YES;
				CLANG_WARN_STRICT_PROTOTYPES = YES;
				CLANG_WARN_SUSPICIOUS_MOVE = YES;
				CLANG_WARN_UNGUARDED_AVAILABILITY = YES_AGGRESSIVE;
				CLANG_WARN_UNREACHABLE_CODE = YES;
				CLANG_WARN__DUPLICATE_METHOD_MATCH = YES;
				COPY_PHASE_STRIP = NO;
				DEBUG_INFORMATION_FORMAT = dwarf;
				ENABLE_STRICT_OBJC_MSGSEND = YES;
				ENABLE_TESTABILITY = YES;
				GCC_C_LANGUAGE_STANDARD = gnu11;
				GCC_DYNAMIC_NO_PIC = NO;
				GCC_NO_COMMON_BLOCKS = YES;
				GCC_OPTIMIZATION_LEVEL = 0;
				GCC_PREPROCESSOR_DEFINITIONS = (
					"DEBUG=1",
					"$(inherited)",
				);
				GCC_WARN_64_TO_32_BIT_CONVERSION = YES;
				GCC_WARN_ABOUT_RETURN_TYPE = YES_ERROR;
				GCC_WARN_UNDECLARED_SELECTOR = YES;
				GCC_WARN_UNINITIALIZED_AUTOS = YES_AGGRESSIVE;
				GCC_WARN_UNUSED_FUNCTION = YES;
				GCC_WARN_UNUSED_VARIABLE = YES;
				IPHONEOS_DEPLOYMENT_TARGET = 16.1;
				MTL_ENABLE_DEBUG_INFO = INCLUDE_SOURCE;
				MTL_FAST_MATH = YES;
				ONLY_ACTIVE_ARCH = YES;
				SDKROOT = iphoneos;
				SWIFT_ACTIVE_COMPILATION_CONDITIONS = DEBUG;
				SWIFT_OPTIMIZATION_LEVEL = "-Onone";
			};
			name = Debug;
		};
		B7E9D2F5292BD5D3003036EE /* Release */ = {
			isa = XCBuildConfiguration;
			buildSettings = {
				ALWAYS_SEARCH_USER_PATHS = NO;
				CLANG_ANALYZER_NONNULL = YES;
				CLANG_ANALYZER_NUMBER_OBJECT_CONVERSION = YES_AGGRESSIVE;
				CLANG_CXX_LANGUAGE_STANDARD = "gnu++20";
				CLANG_ENABLE_MODULES = YES;
				CLANG_ENABLE_OBJC_ARC = YES;
				CLANG_ENABLE_OBJC_WEAK = YES;
				CLANG_WARN_BLOCK_CAPTURE_AUTORELEASING = YES;
				CLANG_WARN_BOOL_CONVERSION = YES;
				CLANG_WARN_COMMA = YES;
				CLANG_WARN_CONSTANT_CONVERSION = YES;
				CLANG_WARN_DEPRECATED_OBJC_IMPLEMENTATIONS = YES;
				CLANG_WARN_DIRECT_OBJC_ISA_USAGE = YES_ERROR;
				CLANG_WARN_DOCUMENTATION_COMMENTS = YES;
				CLANG_WARN_EMPTY_BODY = YES;
				CLANG_WARN_ENUM_CONVERSION = YES;
				CLANG_WARN_INFINITE_RECURSION = YES;
				CLANG_WARN_INT_CONVERSION = YES;
				CLANG_WARN_NON_LITERAL_NULL_CONVERSION = YES;
				CLANG_WARN_OBJC_IMPLICIT_RETAIN_SELF = YES;
				CLANG_WARN_OBJC_LITERAL_CONVERSION = YES;
				CLANG_WARN_OBJC_ROOT_CLASS = YES_ERROR;
				CLANG_WARN_QUOTED_INCLUDE_IN_FRAMEWORK_HEADER = YES;
				CLANG_WARN_RANGE_LOOP_ANALYSIS = YES;
				CLANG_WARN_STRICT_PROTOTYPES = YES;
				CLANG_WARN_SUSPICIOUS_MOVE = YES;
				CLANG_WARN_UNGUARDED_AVAILABILITY = YES_AGGRESSIVE;
				CLANG_WARN_UNREACHABLE_CODE = YES;
				CLANG_WARN__DUPLICATE_METHOD_MATCH = YES;
				COPY_PHASE_STRIP = NO;
				DEBUG_INFORMATION_FORMAT = "dwarf-with-dsym";
				ENABLE_NS_ASSERTIONS = NO;
				ENABLE_STRICT_OBJC_MSGSEND = YES;
				GCC_C_LANGUAGE_STANDARD = gnu11;
				GCC_NO_COMMON_BLOCKS = YES;
				GCC_WARN_64_TO_32_BIT_CONVERSION = YES;
				GCC_WARN_ABOUT_RETURN_TYPE = YES_ERROR;
				GCC_WARN_UNDECLARED_SELECTOR = YES;
				GCC_WARN_UNINITIALIZED_AUTOS = YES_AGGRESSIVE;
				GCC_WARN_UNUSED_FUNCTION = YES;
				GCC_WARN_UNUSED_VARIABLE = YES;
				IPHONEOS_DEPLOYMENT_TARGET = 16.1;
				MTL_ENABLE_DEBUG_INFO = NO;
				MTL_FAST_MATH = YES;
				SDKROOT = iphoneos;
				SWIFT_COMPILATION_MODE = wholemodule;
				SWIFT_OPTIMIZATION_LEVEL = "-O";
				VALIDATE_PRODUCT = YES;
			};
			name = Release;
		};
		B7E9D2F7292BD5D3003036EE /* Debug */ = {
			isa = XCBuildConfiguration;
			buildSettings = {
				ASSETCATALOG_COMPILER_APPICON_NAME = AppIcon;
				ASSETCATALOG_COMPILER_GLOBAL_ACCENT_COLOR_NAME = AccentColor;
				CODE_SIGN_STYLE = Automatic;
				CURRENT_PROJECT_VERSION = 1;
				DEVELOPMENT_TEAM = LU8UCW6QPA;
				GENERATE_INFOPLIST_FILE = YES;
				INFOPLIST_FILE = ChatApp/Info.plist;
				INFOPLIST_KEY_UIApplicationSupportsIndirectInputEvents = YES;
				INFOPLIST_KEY_UILaunchStoryboardName = LaunchScreen;
				INFOPLIST_KEY_UIMainStoryboardFile = Main;
				INFOPLIST_KEY_UISupportedInterfaceOrientations_iPad = "UIInterfaceOrientationPortrait UIInterfaceOrientationPortraitUpsideDown UIInterfaceOrientationLandscapeLeft UIInterfaceOrientationLandscapeRight";
				INFOPLIST_KEY_UISupportedInterfaceOrientations_iPhone = "UIInterfaceOrientationPortrait UIInterfaceOrientationLandscapeLeft UIInterfaceOrientationLandscapeRight";
				LD_RUNPATH_SEARCH_PATHS = (
					"$(inherited)",
					"@executable_path/Frameworks",
				);
				MARKETING_VERSION = 1.0;
				PRODUCT_BUNDLE_IDENTIFIER = com.hakanadanur.ChatApp;
				PRODUCT_NAME = "$(TARGET_NAME)";
				SWIFT_EMIT_LOC_STRINGS = YES;
				SWIFT_VERSION = 5.0;
				TARGETED_DEVICE_FAMILY = "1,2";
			};
			name = Debug;
		};
		B7E9D2F8292BD5D3003036EE /* Release */ = {
			isa = XCBuildConfiguration;
			buildSettings = {
				ASSETCATALOG_COMPILER_APPICON_NAME = AppIcon;
				ASSETCATALOG_COMPILER_GLOBAL_ACCENT_COLOR_NAME = AccentColor;
				CODE_SIGN_STYLE = Automatic;
				CURRENT_PROJECT_VERSION = 1;
				DEVELOPMENT_TEAM = LU8UCW6QPA;
				GENERATE_INFOPLIST_FILE = YES;
				INFOPLIST_FILE = ChatApp/Info.plist;
				INFOPLIST_KEY_UIApplicationSupportsIndirectInputEvents = YES;
				INFOPLIST_KEY_UILaunchStoryboardName = LaunchScreen;
				INFOPLIST_KEY_UIMainStoryboardFile = Main;
				INFOPLIST_KEY_UISupportedInterfaceOrientations_iPad = "UIInterfaceOrientationPortrait UIInterfaceOrientationPortraitUpsideDown UIInterfaceOrientationLandscapeLeft UIInterfaceOrientationLandscapeRight";
				INFOPLIST_KEY_UISupportedInterfaceOrientations_iPhone = "UIInterfaceOrientationPortrait UIInterfaceOrientationLandscapeLeft UIInterfaceOrientationLandscapeRight";
				LD_RUNPATH_SEARCH_PATHS = (
					"$(inherited)",
					"@executable_path/Frameworks",
				);
				MARKETING_VERSION = 1.0;
				PRODUCT_BUNDLE_IDENTIFIER = com.hakanadanur.ChatApp;
				PRODUCT_NAME = "$(TARGET_NAME)";
				SWIFT_EMIT_LOC_STRINGS = YES;
				SWIFT_VERSION = 5.0;
				TARGETED_DEVICE_FAMILY = "1,2";
			};
			name = Release;
		};
/* End XCBuildConfiguration section */

/* Begin XCConfigurationList section */
		B7E9D2DD292BD5D2003036EE /* Build configuration list for PBXProject "ChatApp" */ = {
			isa = XCConfigurationList;
			buildConfigurations = (
				B7E9D2F4292BD5D3003036EE /* Debug */,
				B7E9D2F5292BD5D3003036EE /* Release */,
			);
			defaultConfigurationIsVisible = 0;
			defaultConfigurationName = Release;
		};
		B7E9D2F6292BD5D3003036EE /* Build configuration list for PBXNativeTarget "ChatApp" */ = {
			isa = XCConfigurationList;
			buildConfigurations = (
				B7E9D2F7292BD5D3003036EE /* Debug */,
				B7E9D2F8292BD5D3003036EE /* Release */,
			);
			defaultConfigurationIsVisible = 0;
			defaultConfigurationName = Release;
		};
/* End XCConfigurationList section */

/* Begin XCRemoteSwiftPackageReference section */
		B7E9D2F9292BD60F003036EE /* XCRemoteSwiftPackageReference "firebase-ios-sdk" */ = {
			isa = XCRemoteSwiftPackageReference;
			repositoryURL = "https://github.com/firebase/firebase-ios-sdk.git";
			requirement = {
				branch = master;
				kind = branch;
			};
		};
		B7E9D330292BD6AE003036EE /* XCRemoteSwiftPackageReference "SDWebImage" */ = {
			isa = XCRemoteSwiftPackageReference;
			repositoryURL = "https://github.com/SDWebImage/SDWebImage";
			requirement = {
				branch = master;
				kind = branch;
			};
		};
		B7E9D335292BD936003036EE /* XCRemoteSwiftPackageReference "MessageKit" */ = {
			isa = XCRemoteSwiftPackageReference;
			repositoryURL = "https://github.com/MessageKit/MessageKit.git";
			requirement = {
				kind = upToNextMajorVersion;
				minimumVersion = 4.0.0;
			};
		};
		B7E9D338292BD962003036EE /* XCRemoteSwiftPackageReference "GoogleSignIn-iOS" */ = {
			isa = XCRemoteSwiftPackageReference;
			repositoryURL = "https://github.com/google/GoogleSignIn-iOS";
			requirement = {
				kind = upToNextMajorVersion;
				minimumVersion = 6.0.0;
			};
		};
/* End XCRemoteSwiftPackageReference section */

/* Begin XCSwiftPackageProductDependency section */
		B7E9D2FA292BD60F003036EE /* FirebaseAnalytics */ = {
			isa = XCSwiftPackageProductDependency;
			package = B7E9D2F9292BD60F003036EE /* XCRemoteSwiftPackageReference "firebase-ios-sdk" */;
			productName = FirebaseAnalytics;
		};
		B7E9D2FC292BD60F003036EE /* FirebaseAnalyticsOnDeviceConversion */ = {
			isa = XCSwiftPackageProductDependency;
			package = B7E9D2F9292BD60F003036EE /* XCRemoteSwiftPackageReference "firebase-ios-sdk" */;
			productName = FirebaseAnalyticsOnDeviceConversion;
		};
		B7E9D2FE292BD60F003036EE /* FirebaseAnalyticsSwift */ = {
			isa = XCSwiftPackageProductDependency;
			package = B7E9D2F9292BD60F003036EE /* XCRemoteSwiftPackageReference "firebase-ios-sdk" */;
			productName = FirebaseAnalyticsSwift;
		};
		B7E9D300292BD60F003036EE /* FirebaseAnalyticsWithoutAdIdSupport */ = {
			isa = XCSwiftPackageProductDependency;
			package = B7E9D2F9292BD60F003036EE /* XCRemoteSwiftPackageReference "firebase-ios-sdk" */;
			productName = FirebaseAnalyticsWithoutAdIdSupport;
		};
		B7E9D302292BD60F003036EE /* FirebaseAppCheck */ = {
			isa = XCSwiftPackageProductDependency;
			package = B7E9D2F9292BD60F003036EE /* XCRemoteSwiftPackageReference "firebase-ios-sdk" */;
			productName = FirebaseAppCheck;
		};
		B7E9D304292BD60F003036EE /* FirebaseAppDistribution-Beta */ = {
			isa = XCSwiftPackageProductDependency;
			package = B7E9D2F9292BD60F003036EE /* XCRemoteSwiftPackageReference "firebase-ios-sdk" */;
			productName = "FirebaseAppDistribution-Beta";
		};
		B7E9D306292BD60F003036EE /* FirebaseAuth */ = {
			isa = XCSwiftPackageProductDependency;
			package = B7E9D2F9292BD60F003036EE /* XCRemoteSwiftPackageReference "firebase-ios-sdk" */;
			productName = FirebaseAuth;
		};
		B7E9D308292BD60F003036EE /* FirebaseAuthCombine-Community */ = {
			isa = XCSwiftPackageProductDependency;
			package = B7E9D2F9292BD60F003036EE /* XCRemoteSwiftPackageReference "firebase-ios-sdk" */;
			productName = "FirebaseAuthCombine-Community";
		};
		B7E9D30A292BD60F003036EE /* FirebaseCrashlytics */ = {
			isa = XCSwiftPackageProductDependency;
			package = B7E9D2F9292BD60F003036EE /* XCRemoteSwiftPackageReference "firebase-ios-sdk" */;
			productName = FirebaseCrashlytics;
		};
		B7E9D30C292BD60F003036EE /* FirebaseDatabase */ = {
			isa = XCSwiftPackageProductDependency;
			package = B7E9D2F9292BD60F003036EE /* XCRemoteSwiftPackageReference "firebase-ios-sdk" */;
			productName = FirebaseDatabase;
		};
		B7E9D30E292BD60F003036EE /* FirebaseDatabaseSwift */ = {
			isa = XCSwiftPackageProductDependency;
			package = B7E9D2F9292BD60F003036EE /* XCRemoteSwiftPackageReference "firebase-ios-sdk" */;
			productName = FirebaseDatabaseSwift;
		};
		B7E9D310292BD60F003036EE /* FirebaseDynamicLinks */ = {
			isa = XCSwiftPackageProductDependency;
			package = B7E9D2F9292BD60F003036EE /* XCRemoteSwiftPackageReference "firebase-ios-sdk" */;
			productName = FirebaseDynamicLinks;
		};
		B7E9D312292BD60F003036EE /* FirebaseFirestore */ = {
			isa = XCSwiftPackageProductDependency;
			package = B7E9D2F9292BD60F003036EE /* XCRemoteSwiftPackageReference "firebase-ios-sdk" */;
			productName = FirebaseFirestore;
		};
		B7E9D314292BD60F003036EE /* FirebaseFirestoreCombine-Community */ = {
			isa = XCSwiftPackageProductDependency;
			package = B7E9D2F9292BD60F003036EE /* XCRemoteSwiftPackageReference "firebase-ios-sdk" */;
			productName = "FirebaseFirestoreCombine-Community";
		};
		B7E9D316292BD60F003036EE /* FirebaseFirestoreSwift */ = {
			isa = XCSwiftPackageProductDependency;
			package = B7E9D2F9292BD60F003036EE /* XCRemoteSwiftPackageReference "firebase-ios-sdk" */;
			productName = FirebaseFirestoreSwift;
		};
		B7E9D318292BD60F003036EE /* FirebaseFunctions */ = {
			isa = XCSwiftPackageProductDependency;
			package = B7E9D2F9292BD60F003036EE /* XCRemoteSwiftPackageReference "firebase-ios-sdk" */;
			productName = FirebaseFunctions;
		};
		B7E9D31A292BD60F003036EE /* FirebaseFunctionsCombine-Community */ = {
			isa = XCSwiftPackageProductDependency;
			package = B7E9D2F9292BD60F003036EE /* XCRemoteSwiftPackageReference "firebase-ios-sdk" */;
			productName = "FirebaseFunctionsCombine-Community";
		};
		B7E9D31C292BD60F003036EE /* FirebaseInAppMessaging-Beta */ = {
			isa = XCSwiftPackageProductDependency;
			package = B7E9D2F9292BD60F003036EE /* XCRemoteSwiftPackageReference "firebase-ios-sdk" */;
			productName = "FirebaseInAppMessaging-Beta";
		};
		B7E9D31E292BD60F003036EE /* FirebaseInAppMessagingSwift-Beta */ = {
			isa = XCSwiftPackageProductDependency;
			package = B7E9D2F9292BD60F003036EE /* XCRemoteSwiftPackageReference "firebase-ios-sdk" */;
			productName = "FirebaseInAppMessagingSwift-Beta";
		};
		B7E9D320292BD60F003036EE /* FirebaseInstallations */ = {
			isa = XCSwiftPackageProductDependency;
			package = B7E9D2F9292BD60F003036EE /* XCRemoteSwiftPackageReference "firebase-ios-sdk" */;
			productName = FirebaseInstallations;
		};
		B7E9D322292BD60F003036EE /* FirebaseMLModelDownloader */ = {
			isa = XCSwiftPackageProductDependency;
			package = B7E9D2F9292BD60F003036EE /* XCRemoteSwiftPackageReference "firebase-ios-sdk" */;
			productName = FirebaseMLModelDownloader;
		};
		B7E9D324292BD60F003036EE /* FirebaseMessaging */ = {
			isa = XCSwiftPackageProductDependency;
			package = B7E9D2F9292BD60F003036EE /* XCRemoteSwiftPackageReference "firebase-ios-sdk" */;
			productName = FirebaseMessaging;
		};
		B7E9D326292BD60F003036EE /* FirebasePerformance */ = {
			isa = XCSwiftPackageProductDependency;
			package = B7E9D2F9292BD60F003036EE /* XCRemoteSwiftPackageReference "firebase-ios-sdk" */;
			productName = FirebasePerformance;
		};
		B7E9D328292BD60F003036EE /* FirebaseRemoteConfig */ = {
			isa = XCSwiftPackageProductDependency;
			package = B7E9D2F9292BD60F003036EE /* XCRemoteSwiftPackageReference "firebase-ios-sdk" */;
			productName = FirebaseRemoteConfig;
		};
		B7E9D32A292BD60F003036EE /* FirebaseRemoteConfigSwift */ = {
			isa = XCSwiftPackageProductDependency;
			package = B7E9D2F9292BD60F003036EE /* XCRemoteSwiftPackageReference "firebase-ios-sdk" */;
			productName = FirebaseRemoteConfigSwift;
		};
		B7E9D32C292BD60F003036EE /* FirebaseStorage */ = {
			isa = XCSwiftPackageProductDependency;
			package = B7E9D2F9292BD60F003036EE /* XCRemoteSwiftPackageReference "firebase-ios-sdk" */;
			productName = FirebaseStorage;
		};
		B7E9D32E292BD60F003036EE /* FirebaseStorageCombine-Community */ = {
			isa = XCSwiftPackageProductDependency;
			package = B7E9D2F9292BD60F003036EE /* XCRemoteSwiftPackageReference "firebase-ios-sdk" */;
			productName = "FirebaseStorageCombine-Community";
		};
		B7E9D331292BD6AF003036EE /* SDWebImage */ = {
			isa = XCSwiftPackageProductDependency;
			package = B7E9D330292BD6AE003036EE /* XCRemoteSwiftPackageReference "SDWebImage" */;
			productName = SDWebImage;
		};
		B7E9D333292BD6AF003036EE /* SDWebImageMapKit */ = {
			isa = XCSwiftPackageProductDependency;
			package = B7E9D330292BD6AE003036EE /* XCRemoteSwiftPackageReference "SDWebImage" */;
			productName = SDWebImageMapKit;
		};
		B7E9D336292BD936003036EE /* MessageKit */ = {
			isa = XCSwiftPackageProductDependency;
			package = B7E9D335292BD936003036EE /* XCRemoteSwiftPackageReference "MessageKit" */;
			productName = MessageKit;
		};
		B7E9D339292BD962003036EE /* GoogleSignIn */ = {
			isa = XCSwiftPackageProductDependency;
			package = B7E9D338292BD962003036EE /* XCRemoteSwiftPackageReference "GoogleSignIn-iOS" */;
			productName = GoogleSignIn;
		};
		B7E9D33B292BD962003036EE /* GoogleSignInSwift */ = {
			isa = XCSwiftPackageProductDependency;
			package = B7E9D338292BD962003036EE /* XCRemoteSwiftPackageReference "GoogleSignIn-iOS" */;
			productName = GoogleSignInSwift;
		};
/* End XCSwiftPackageProductDependency section */
	};
	rootObject = B7E9D2DA292BD5D2003036EE /* Project object */;
}
